
Microsoft Visual Studio Solution File, Format Version 12.00
# Visual Studio Version 17
VisualStudioVersion = 17.0.31717.71
MinimumVisualStudioVersion = 10.0.40219.1
Project("{9A19103F-16F7-4668-BE54-9A1E7A4F7556}") = "PPTCombination", "PPTCombination\PPTCombination.csproj", "{967A81B1-60E7-4A8F-8BBE-DDC6A37C04B7}"
EndProject
Project("{9A19103F-16F7-4668-BE54-9A1E7A4F7556}") = "ExcelApp", "ExcelApp\ExcelApp.csproj", "{1EA50C6F-142E-4C5E-8A8D-8CC4E7764805}"
EndProject
Project("{FAE04EC0-301F-11D3-BF4B-00C04F79EFBC}") = "DatabaseConnTest", "DatabaseConnTest\DatabaseConnTest.csproj", "{101BAD34-9F63-44E6-9B69-B7B2BED727DC}"
EndProject
Global
	GlobalSection(SolutionConfigurationPlatforms) = preSolution
		Debug|Any CPU = Debug|Any CPU
		Release|Any CPU = Release|Any CPU
	EndGlobalSection
	GlobalSection(ProjectConfigurationPlatforms) = postSolution
		{967A81B1-60E7-4A8F-8BBE-DDC6A37C04B7}.Debug|Any CPU.ActiveCfg = Debug|Any CPU
		{967A81B1-60E7-4A8F-8BBE-DDC6A37C04B7}.Debug|Any CPU.Build.0 = Debug|Any CPU
		{967A81B1-60E7-4A8F-8BBE-DDC6A37C04B7}.Release|Any CPU.ActiveCfg = Release|Any CPU
		{967A81B1-60E7-4A8F-8BBE-DDC6A37C04B7}.Release|Any CPU.Build.0 = Release|Any CPU
		{1EA50C6F-142E-4C5E-8A8D-8CC4E7764805}.Debug|Any CPU.ActiveCfg = Debug|Any CPU
		{1EA50C6F-142E-4C5E-8A8D-8CC4E7764805}.Debug|Any CPU.Build.0 = Debug|Any CPU
		{1EA50C6F-142E-4C5E-8A8D-8CC4E7764805}.Release|Any CPU.ActiveCfg = Release|Any CPU
		{1EA50C6F-142E-4C5E-8A8D-8CC4E7764805}.Release|Any CPU.Build.0 = Release|Any CPU
		{101BAD34-9F63-44E6-9B69-B7B2BED727DC}.Debug|Any CPU.ActiveCfg = Debug|Any CPU
		{101BAD34-9F63-44E6-9B69-B7B2BED727DC}.Debug|Any CPU.Build.0 = Debug|Any CPU
		{101BAD34-9F63-44E6-9B69-B7B2BED727DC}.Release|Any CPU.ActiveCfg = Release|Any CPU
		{101BAD34-9F63-44E6-9B69-B7B2BED727DC}.Release|Any CPU.Build.0 = Release|Any CPU
	EndGlobalSection
	GlobalSection(SolutionProperties) = preSolution
		HideSolutionNode = FALSE
	EndGlobalSection
	GlobalSection(ExtensibilityGlobals) = postSolution
		SolutionGuid = {A40A1B91-B601-44B0-9A1F-71EE68A6DADC}
	EndGlobalSection
EndGlobal
